
Microsoft Visual Studio Solution File, Format Version 12.00
# Visual Studio Version 16
VisualStudioVersion = 16.0.29926.136
MinimumVisualStudioVersion = 10.0.40219.1
Project("{FAE04EC0-301F-11D3-BF4B-00C04F79EFBC}") = "ASPFinal", "ASPFinal\ASPFinal.csproj", "{3443BA8B-8178-436F-AAA0-D883BB559451}"
EndProject
Global
	GlobalSection(SolutionConfigurationPlatforms) = preSolution
		Debug|Any CPU = Debug|Any CPU
		Release|Any CPU = Release|Any CPU
	EndGlobalSection
	GlobalSection(ProjectConfigurationPlatforms) = postSolution
		{3443BA8B-8178-436F-AAA0-D883BB559451}.Debug|Any CPU.ActiveCfg = Debug|Any CPU
		{3443BA8B-8178-436F-AAA0-D883BB559451}.Debug|Any CPU.Build.0 = Debug|Any CPU
		{3443BA8B-8178-436F-AAA0-D883BB559451}.Release|Any CPU.ActiveCfg = Release|Any CPU
		{3443BA8B-8178-436F-AAA0-D883BB559451}.Release|Any CPU.Build.0 = Release|Any CPU
	EndGlobalSection
	GlobalSection(SolutionProperties) = preSolution
		HideSolutionNode = FALSE
	EndGlobalSection
	GlobalSection(ExtensibilityGlobals) = postSolution
		SolutionGuid = {81691241-4A35-48C4-8A58-C88D83274709}
	EndGlobalSection
EndGlobal
